
Microsoft Visual Studio Solution File, Format Version 12.00
# Visual Studio 15
VisualStudioVersion = 15.0.28307.572
MinimumVisualStudioVersion = 10.0.40219.1
Project("{FAE04EC0-301F-11D3-BF4B-00C04F79EFBC}") = "Ex_21", "Ex_21\Ex_21.csproj", "{38706077-3E87-4E43-BCDF-E084FE9D0332}"
EndProject
Global
	GlobalSection(SolutionConfigurationPlatforms) = preSolution
		Debug|Any CPU = Debug|Any CPU
		Release|Any CPU = Release|Any CPU
	EndGlobalSection
	GlobalSection(ProjectConfigurationPlatforms) = postSolution
		{38706077-3E87-4E43-BCDF-E084FE9D0332}.Debug|Any CPU.ActiveCfg = Debug|Any CPU
		{38706077-3E87-4E43-BCDF-E084FE9D0332}.Debug|Any CPU.Build.0 = Debug|Any CPU
		{38706077-3E87-4E43-BCDF-E084FE9D0332}.Release|Any CPU.ActiveCfg = Release|Any CPU
		{38706077-3E87-4E43-BCDF-E084FE9D0332}.Release|Any CPU.Build.0 = Release|Any CPU
	EndGlobalSection
	GlobalSection(SolutionProperties) = preSolution
		HideSolutionNode = FALSE
	EndGlobalSection
	GlobalSection(ExtensibilityGlobals) = postSolution
		SolutionGuid = {DDD906E5-7EF8-41C3-9C55-38F81EE1CE19}
	EndGlobalSection
EndGlobal
