
Microsoft Visual Studio Solution File, Format Version 12.00
# Visual Studio 15
VisualStudioVersion = 15.0.28307.572
MinimumVisualStudioVersion = 10.0.40219.1
Project("{FAE04EC0-301F-11D3-BF4B-00C04F79EFBC}") = "Ex_42", "Ex_42\Ex_42.csproj", "{0208282C-6DC5-4F55-8D19-38A72F5EE614}"
EndProject
Global
	GlobalSection(SolutionConfigurationPlatforms) = preSolution
		Debug|Any CPU = Debug|Any CPU
		Release|Any CPU = Release|Any CPU
	EndGlobalSection
	GlobalSection(ProjectConfigurationPlatforms) = postSolution
		{0208282C-6DC5-4F55-8D19-38A72F5EE614}.Debug|Any CPU.ActiveCfg = Debug|Any CPU
		{0208282C-6DC5-4F55-8D19-38A72F5EE614}.Debug|Any CPU.Build.0 = Debug|Any CPU
		{0208282C-6DC5-4F55-8D19-38A72F5EE614}.Release|Any CPU.ActiveCfg = Release|Any CPU
		{0208282C-6DC5-4F55-8D19-38A72F5EE614}.Release|Any CPU.Build.0 = Release|Any CPU
	EndGlobalSection
	GlobalSection(SolutionProperties) = preSolution
		HideSolutionNode = FALSE
	EndGlobalSection
	GlobalSection(ExtensibilityGlobals) = postSolution
		SolutionGuid = {9983BD4F-BB98-4257-BCA4-CFCAB6F32CFD}
	EndGlobalSection
EndGlobal
