
Microsoft Visual Studio Solution File, Format Version 12.00
# Visual Studio 15
VisualStudioVersion = 15.0.28307.572
MinimumVisualStudioVersion = 10.0.40219.1
Project("{FAE04EC0-301F-11D3-BF4B-00C04F79EFBC}") = "Ex_64", "Ex_64\Ex_64.csproj", "{1B26B1FB-C261-4815-A0C9-9BC9A609083A}"
EndProject
Global
	GlobalSection(SolutionConfigurationPlatforms) = preSolution
		Debug|Any CPU = Debug|Any CPU
		Release|Any CPU = Release|Any CPU
	EndGlobalSection
	GlobalSection(ProjectConfigurationPlatforms) = postSolution
		{1B26B1FB-C261-4815-A0C9-9BC9A609083A}.Debug|Any CPU.ActiveCfg = Debug|Any CPU
		{1B26B1FB-C261-4815-A0C9-9BC9A609083A}.Debug|Any CPU.Build.0 = Debug|Any CPU
		{1B26B1FB-C261-4815-A0C9-9BC9A609083A}.Release|Any CPU.ActiveCfg = Release|Any CPU
		{1B26B1FB-C261-4815-A0C9-9BC9A609083A}.Release|Any CPU.Build.0 = Release|Any CPU
	EndGlobalSection
	GlobalSection(SolutionProperties) = preSolution
		HideSolutionNode = FALSE
	EndGlobalSection
	GlobalSection(ExtensibilityGlobals) = postSolution
		SolutionGuid = {3E818E22-0210-4920-A592-60D5C74CB528}
	EndGlobalSection
EndGlobal
