
Microsoft Visual Studio Solution File, Format Version 12.00
# Visual Studio 15
VisualStudioVersion = 15.0.28307.572
MinimumVisualStudioVersion = 10.0.40219.1
Project("{FAE04EC0-301F-11D3-BF4B-00C04F79EFBC}") = "Ex_63", "Ex_63\Ex_63.csproj", "{000084F8-F8E6-46EE-B63A-8653B264BCCC}"
EndProject
Global
	GlobalSection(SolutionConfigurationPlatforms) = preSolution
		Debug|Any CPU = Debug|Any CPU
		Release|Any CPU = Release|Any CPU
	EndGlobalSection
	GlobalSection(ProjectConfigurationPlatforms) = postSolution
		{000084F8-F8E6-46EE-B63A-8653B264BCCC}.Debug|Any CPU.ActiveCfg = Debug|Any CPU
		{000084F8-F8E6-46EE-B63A-8653B264BCCC}.Debug|Any CPU.Build.0 = Debug|Any CPU
		{000084F8-F8E6-46EE-B63A-8653B264BCCC}.Release|Any CPU.ActiveCfg = Release|Any CPU
		{000084F8-F8E6-46EE-B63A-8653B264BCCC}.Release|Any CPU.Build.0 = Release|Any CPU
	EndGlobalSection
	GlobalSection(SolutionProperties) = preSolution
		HideSolutionNode = FALSE
	EndGlobalSection
	GlobalSection(ExtensibilityGlobals) = postSolution
		SolutionGuid = {D8F26825-E5A7-4AC4-AF4A-047126505E9A}
	EndGlobalSection
EndGlobal
