
Microsoft Visual Studio Solution File, Format Version 12.00
# Visual Studio 15
VisualStudioVersion = 15.0.28307.572
MinimumVisualStudioVersion = 10.0.40219.1
Project("{FAE04EC0-301F-11D3-BF4B-00C04F79EFBC}") = "Ex_88", "Ex_88\Ex_88.csproj", "{A0D24052-C11E-466F-9F20-805351734D05}"
EndProject
Global
	GlobalSection(SolutionConfigurationPlatforms) = preSolution
		Debug|Any CPU = Debug|Any CPU
		Release|Any CPU = Release|Any CPU
	EndGlobalSection
	GlobalSection(ProjectConfigurationPlatforms) = postSolution
		{A0D24052-C11E-466F-9F20-805351734D05}.Debug|Any CPU.ActiveCfg = Debug|Any CPU
		{A0D24052-C11E-466F-9F20-805351734D05}.Debug|Any CPU.Build.0 = Debug|Any CPU
		{A0D24052-C11E-466F-9F20-805351734D05}.Release|Any CPU.ActiveCfg = Release|Any CPU
		{A0D24052-C11E-466F-9F20-805351734D05}.Release|Any CPU.Build.0 = Release|Any CPU
	EndGlobalSection
	GlobalSection(SolutionProperties) = preSolution
		HideSolutionNode = FALSE
	EndGlobalSection
	GlobalSection(ExtensibilityGlobals) = postSolution
		SolutionGuid = {F60E48F8-976F-4B69-83EB-5E2FDBC46555}
	EndGlobalSection
EndGlobal
