
Microsoft Visual Studio Solution File, Format Version 12.00
# Visual Studio 15
VisualStudioVersion = 15.0.28307.572
MinimumVisualStudioVersion = 10.0.40219.1
Project("{FAE04EC0-301F-11D3-BF4B-00C04F79EFBC}") = "Ex_39", "Ex_39\Ex_39.csproj", "{2443F154-5F66-474E-8DF8-2551F788D092}"
EndProject
Global
	GlobalSection(SolutionConfigurationPlatforms) = preSolution
		Debug|Any CPU = Debug|Any CPU
		Release|Any CPU = Release|Any CPU
	EndGlobalSection
	GlobalSection(ProjectConfigurationPlatforms) = postSolution
		{2443F154-5F66-474E-8DF8-2551F788D092}.Debug|Any CPU.ActiveCfg = Debug|Any CPU
		{2443F154-5F66-474E-8DF8-2551F788D092}.Debug|Any CPU.Build.0 = Debug|Any CPU
		{2443F154-5F66-474E-8DF8-2551F788D092}.Release|Any CPU.ActiveCfg = Release|Any CPU
		{2443F154-5F66-474E-8DF8-2551F788D092}.Release|Any CPU.Build.0 = Release|Any CPU
	EndGlobalSection
	GlobalSection(SolutionProperties) = preSolution
		HideSolutionNode = FALSE
	EndGlobalSection
	GlobalSection(ExtensibilityGlobals) = postSolution
		SolutionGuid = {72CEA3B8-5520-4AAC-B071-277D0BF9DF45}
	EndGlobalSection
EndGlobal
