
Microsoft Visual Studio Solution File, Format Version 12.00
# Visual Studio Version 17
VisualStudioVersion = 17.3.32811.315
MinimumVisualStudioVersion = 10.0.40219.1
Project("{FAE04EC0-301F-11D3-BF4B-00C04F79EFBC}") = "Exx_05", "Exx_05\Exx_05.csproj", "{A62ED6EC-508F-4603-834F-BD605791CF70}"
EndProject
Global
	GlobalSection(SolutionConfigurationPlatforms) = preSolution
		Debug|Any CPU = Debug|Any CPU
		Release|Any CPU = Release|Any CPU
	EndGlobalSection
	GlobalSection(ProjectConfigurationPlatforms) = postSolution
		{A62ED6EC-508F-4603-834F-BD605791CF70}.Debug|Any CPU.ActiveCfg = Debug|Any CPU
		{A62ED6EC-508F-4603-834F-BD605791CF70}.Debug|Any CPU.Build.0 = Debug|Any CPU
		{A62ED6EC-508F-4603-834F-BD605791CF70}.Release|Any CPU.ActiveCfg = Release|Any CPU
		{A62ED6EC-508F-4603-834F-BD605791CF70}.Release|Any CPU.Build.0 = Release|Any CPU
	EndGlobalSection
	GlobalSection(SolutionProperties) = preSolution
		HideSolutionNode = FALSE
	EndGlobalSection
	GlobalSection(ExtensibilityGlobals) = postSolution
		SolutionGuid = {7C7622FF-F59B-4E4D-98FF-1E6D4E43A3FE}
	EndGlobalSection
EndGlobal
