
Microsoft Visual Studio Solution File, Format Version 12.00
# Visual Studio 15
VisualStudioVersion = 15.0.28307.572
MinimumVisualStudioVersion = 10.0.40219.1
Project("{FAE04EC0-301F-11D3-BF4B-00C04F79EFBC}") = "Ex_25", "Ex_25\Ex_25.csproj", "{F3DDEE10-621B-4BF2-9DD0-76678D89E407}"
EndProject
Global
	GlobalSection(SolutionConfigurationPlatforms) = preSolution
		Debug|Any CPU = Debug|Any CPU
		Release|Any CPU = Release|Any CPU
	EndGlobalSection
	GlobalSection(ProjectConfigurationPlatforms) = postSolution
		{F3DDEE10-621B-4BF2-9DD0-76678D89E407}.Debug|Any CPU.ActiveCfg = Debug|Any CPU
		{F3DDEE10-621B-4BF2-9DD0-76678D89E407}.Debug|Any CPU.Build.0 = Debug|Any CPU
		{F3DDEE10-621B-4BF2-9DD0-76678D89E407}.Release|Any CPU.ActiveCfg = Release|Any CPU
		{F3DDEE10-621B-4BF2-9DD0-76678D89E407}.Release|Any CPU.Build.0 = Release|Any CPU
	EndGlobalSection
	GlobalSection(SolutionProperties) = preSolution
		HideSolutionNode = FALSE
	EndGlobalSection
	GlobalSection(ExtensibilityGlobals) = postSolution
		SolutionGuid = {BAE56D24-818E-4DB3-BE57-17F9AB841F85}
	EndGlobalSection
EndGlobal
