
Microsoft Visual Studio Solution File, Format Version 12.00
# Visual Studio 15
VisualStudioVersion = 15.0.28307.572
MinimumVisualStudioVersion = 10.0.40219.1
Project("{FAE04EC0-301F-11D3-BF4B-00C04F79EFBC}") = "Ex_71", "Ex_71\Ex_71.csproj", "{216AAF41-B5D7-4B16-8CBF-1B40CC81F246}"
EndProject
Global
	GlobalSection(SolutionConfigurationPlatforms) = preSolution
		Debug|Any CPU = Debug|Any CPU
		Release|Any CPU = Release|Any CPU
	EndGlobalSection
	GlobalSection(ProjectConfigurationPlatforms) = postSolution
		{216AAF41-B5D7-4B16-8CBF-1B40CC81F246}.Debug|Any CPU.ActiveCfg = Debug|Any CPU
		{216AAF41-B5D7-4B16-8CBF-1B40CC81F246}.Debug|Any CPU.Build.0 = Debug|Any CPU
		{216AAF41-B5D7-4B16-8CBF-1B40CC81F246}.Release|Any CPU.ActiveCfg = Release|Any CPU
		{216AAF41-B5D7-4B16-8CBF-1B40CC81F246}.Release|Any CPU.Build.0 = Release|Any CPU
	EndGlobalSection
	GlobalSection(SolutionProperties) = preSolution
		HideSolutionNode = FALSE
	EndGlobalSection
	GlobalSection(ExtensibilityGlobals) = postSolution
		SolutionGuid = {5701EBB5-81F8-4044-9FBD-1A80929F5C47}
	EndGlobalSection
EndGlobal
