
Microsoft Visual Studio Solution File, Format Version 12.00
# Visual Studio Version 17
VisualStudioVersion = 17.3.32811.315
MinimumVisualStudioVersion = 10.0.40219.1
Project("{FAE04EC0-301F-11D3-BF4B-00C04F79EFBC}") = "Ex_01", "Ex_01\Ex_01.csproj", "{D69C7422-5DBE-45FA-A72A-E9B28478C755}"
EndProject
Global
	GlobalSection(SolutionConfigurationPlatforms) = preSolution
		Debug|Any CPU = Debug|Any CPU
		Release|Any CPU = Release|Any CPU
	EndGlobalSection
	GlobalSection(ProjectConfigurationPlatforms) = postSolution
		{D69C7422-5DBE-45FA-A72A-E9B28478C755}.Debug|Any CPU.ActiveCfg = Debug|Any CPU
		{D69C7422-5DBE-45FA-A72A-E9B28478C755}.Debug|Any CPU.Build.0 = Debug|Any CPU
		{D69C7422-5DBE-45FA-A72A-E9B28478C755}.Release|Any CPU.ActiveCfg = Release|Any CPU
		{D69C7422-5DBE-45FA-A72A-E9B28478C755}.Release|Any CPU.Build.0 = Release|Any CPU
	EndGlobalSection
	GlobalSection(SolutionProperties) = preSolution
		HideSolutionNode = FALSE
	EndGlobalSection
	GlobalSection(ExtensibilityGlobals) = postSolution
		SolutionGuid = {F3D81BC6-8167-470D-B1FE-6C9CE3119D79}
	EndGlobalSection
EndGlobal
