
Microsoft Visual Studio Solution File, Format Version 12.00
# Visual Studio 15
VisualStudioVersion = 15.0.28307.572
MinimumVisualStudioVersion = 10.0.40219.1
Project("{FAE04EC0-301F-11D3-BF4B-00C04F79EFBC}") = "Algoritmo_Ex_12", "Algoritmo_Ex_12\Algoritmo_Ex_12.csproj", "{C7033D98-C7CD-4B0F-8659-21A356276B4A}"
EndProject
Global
	GlobalSection(SolutionConfigurationPlatforms) = preSolution
		Debug|Any CPU = Debug|Any CPU
		Release|Any CPU = Release|Any CPU
	EndGlobalSection
	GlobalSection(ProjectConfigurationPlatforms) = postSolution
		{C7033D98-C7CD-4B0F-8659-21A356276B4A}.Debug|Any CPU.ActiveCfg = Debug|Any CPU
		{C7033D98-C7CD-4B0F-8659-21A356276B4A}.Debug|Any CPU.Build.0 = Debug|Any CPU
		{C7033D98-C7CD-4B0F-8659-21A356276B4A}.Release|Any CPU.ActiveCfg = Release|Any CPU
		{C7033D98-C7CD-4B0F-8659-21A356276B4A}.Release|Any CPU.Build.0 = Release|Any CPU
	EndGlobalSection
	GlobalSection(SolutionProperties) = preSolution
		HideSolutionNode = FALSE
	EndGlobalSection
	GlobalSection(ExtensibilityGlobals) = postSolution
		SolutionGuid = {4E8B570D-AC18-4B43-A585-9D282D74996A}
	EndGlobalSection
EndGlobal
