
Microsoft Visual Studio Solution File, Format Version 12.00
# Visual Studio 15
VisualStudioVersion = 15.0.28307.572
MinimumVisualStudioVersion = 10.0.40219.1
Project("{FAE04EC0-301F-11D3-BF4B-00C04F79EFBC}") = "Algoritmo_Ex_14", "Algoritmo_Ex_14\Algoritmo_Ex_14.csproj", "{3648FC75-D830-40E6-805E-03321162CB26}"
EndProject
Global
	GlobalSection(SolutionConfigurationPlatforms) = preSolution
		Debug|Any CPU = Debug|Any CPU
		Release|Any CPU = Release|Any CPU
	EndGlobalSection
	GlobalSection(ProjectConfigurationPlatforms) = postSolution
		{3648FC75-D830-40E6-805E-03321162CB26}.Debug|Any CPU.ActiveCfg = Debug|Any CPU
		{3648FC75-D830-40E6-805E-03321162CB26}.Debug|Any CPU.Build.0 = Debug|Any CPU
		{3648FC75-D830-40E6-805E-03321162CB26}.Release|Any CPU.ActiveCfg = Release|Any CPU
		{3648FC75-D830-40E6-805E-03321162CB26}.Release|Any CPU.Build.0 = Release|Any CPU
	EndGlobalSection
	GlobalSection(SolutionProperties) = preSolution
		HideSolutionNode = FALSE
	EndGlobalSection
	GlobalSection(ExtensibilityGlobals) = postSolution
		SolutionGuid = {A84FF77E-6942-4332-AAAA-1AA08FCC0EED}
	EndGlobalSection
EndGlobal
