
Microsoft Visual Studio Solution File, Format Version 12.00
# Visual Studio 15
VisualStudioVersion = 15.0.28307.572
MinimumVisualStudioVersion = 10.0.40219.1
Project("{FAE04EC0-301F-11D3-BF4B-00C04F79EFBC}") = "Ex_36", "Ex_36\Ex_36.csproj", "{77154CAE-C751-43B5-A1EA-048AC3C51385}"
EndProject
Global
	GlobalSection(SolutionConfigurationPlatforms) = preSolution
		Debug|Any CPU = Debug|Any CPU
		Release|Any CPU = Release|Any CPU
	EndGlobalSection
	GlobalSection(ProjectConfigurationPlatforms) = postSolution
		{77154CAE-C751-43B5-A1EA-048AC3C51385}.Debug|Any CPU.ActiveCfg = Debug|Any CPU
		{77154CAE-C751-43B5-A1EA-048AC3C51385}.Debug|Any CPU.Build.0 = Debug|Any CPU
		{77154CAE-C751-43B5-A1EA-048AC3C51385}.Release|Any CPU.ActiveCfg = Release|Any CPU
		{77154CAE-C751-43B5-A1EA-048AC3C51385}.Release|Any CPU.Build.0 = Release|Any CPU
	EndGlobalSection
	GlobalSection(SolutionProperties) = preSolution
		HideSolutionNode = FALSE
	EndGlobalSection
	GlobalSection(ExtensibilityGlobals) = postSolution
		SolutionGuid = {6E881BFD-839A-40DB-A019-D2D08226785A}
	EndGlobalSection
EndGlobal
