
Microsoft Visual Studio Solution File, Format Version 12.00
# Visual Studio 15
VisualStudioVersion = 15.0.28307.572
MinimumVisualStudioVersion = 10.0.40219.1
Project("{FAE04EC0-301F-11D3-BF4B-00C04F79EFBC}") = "Ex_22", "Ex_22\Ex_22.csproj", "{0ED40C71-85F1-4326-9AE7-B716B6A58FC1}"
EndProject
Global
	GlobalSection(SolutionConfigurationPlatforms) = preSolution
		Debug|Any CPU = Debug|Any CPU
		Release|Any CPU = Release|Any CPU
	EndGlobalSection
	GlobalSection(ProjectConfigurationPlatforms) = postSolution
		{0ED40C71-85F1-4326-9AE7-B716B6A58FC1}.Debug|Any CPU.ActiveCfg = Debug|Any CPU
		{0ED40C71-85F1-4326-9AE7-B716B6A58FC1}.Debug|Any CPU.Build.0 = Debug|Any CPU
		{0ED40C71-85F1-4326-9AE7-B716B6A58FC1}.Release|Any CPU.ActiveCfg = Release|Any CPU
		{0ED40C71-85F1-4326-9AE7-B716B6A58FC1}.Release|Any CPU.Build.0 = Release|Any CPU
	EndGlobalSection
	GlobalSection(SolutionProperties) = preSolution
		HideSolutionNode = FALSE
	EndGlobalSection
	GlobalSection(ExtensibilityGlobals) = postSolution
		SolutionGuid = {1959AD85-79CF-46CC-8A26-B29C758A9E9F}
	EndGlobalSection
EndGlobal
