
Microsoft Visual Studio Solution File, Format Version 12.00
# Visual Studio 15
VisualStudioVersion = 15.0.28307.572
MinimumVisualStudioVersion = 10.0.40219.1
Project("{FAE04EC0-301F-11D3-BF4B-00C04F79EFBC}") = "Algoritmo_Ex_17", "Algoritmo_Ex_17\Algoritmo_Ex_17.csproj", "{0A440554-2830-47C4-B88F-0EC748EAC9BD}"
EndProject
Global
	GlobalSection(SolutionConfigurationPlatforms) = preSolution
		Debug|Any CPU = Debug|Any CPU
		Release|Any CPU = Release|Any CPU
	EndGlobalSection
	GlobalSection(ProjectConfigurationPlatforms) = postSolution
		{0A440554-2830-47C4-B88F-0EC748EAC9BD}.Debug|Any CPU.ActiveCfg = Debug|Any CPU
		{0A440554-2830-47C4-B88F-0EC748EAC9BD}.Debug|Any CPU.Build.0 = Debug|Any CPU
		{0A440554-2830-47C4-B88F-0EC748EAC9BD}.Release|Any CPU.ActiveCfg = Release|Any CPU
		{0A440554-2830-47C4-B88F-0EC748EAC9BD}.Release|Any CPU.Build.0 = Release|Any CPU
	EndGlobalSection
	GlobalSection(SolutionProperties) = preSolution
		HideSolutionNode = FALSE
	EndGlobalSection
	GlobalSection(ExtensibilityGlobals) = postSolution
		SolutionGuid = {CF45F494-4E95-4A27-A665-CF4239B6587F}
	EndGlobalSection
EndGlobal
