
Microsoft Visual Studio Solution File, Format Version 12.00
# Visual Studio 15
VisualStudioVersion = 15.0.28307.572
MinimumVisualStudioVersion = 10.0.40219.1
Project("{FAE04EC0-301F-11D3-BF4B-00C04F79EFBC}") = "Ex_66", "Ex_66\Ex_66.csproj", "{69B8BDF0-C510-4C6F-BD89-54DCE26EADFC}"
EndProject
Global
	GlobalSection(SolutionConfigurationPlatforms) = preSolution
		Debug|Any CPU = Debug|Any CPU
		Release|Any CPU = Release|Any CPU
	EndGlobalSection
	GlobalSection(ProjectConfigurationPlatforms) = postSolution
		{69B8BDF0-C510-4C6F-BD89-54DCE26EADFC}.Debug|Any CPU.ActiveCfg = Debug|Any CPU
		{69B8BDF0-C510-4C6F-BD89-54DCE26EADFC}.Debug|Any CPU.Build.0 = Debug|Any CPU
		{69B8BDF0-C510-4C6F-BD89-54DCE26EADFC}.Release|Any CPU.ActiveCfg = Release|Any CPU
		{69B8BDF0-C510-4C6F-BD89-54DCE26EADFC}.Release|Any CPU.Build.0 = Release|Any CPU
	EndGlobalSection
	GlobalSection(SolutionProperties) = preSolution
		HideSolutionNode = FALSE
	EndGlobalSection
	GlobalSection(ExtensibilityGlobals) = postSolution
		SolutionGuid = {47E323B7-2B5A-460D-A3E2-FE98C9B57CF3}
	EndGlobalSection
EndGlobal
