
Microsoft Visual Studio Solution File, Format Version 12.00
# Visual Studio 15
VisualStudioVersion = 15.0.28307.572
MinimumVisualStudioVersion = 10.0.40219.1
Project("{FAE04EC0-301F-11D3-BF4B-00C04F79EFBC}") = "Ex_53", "Ex_53\Ex_53.csproj", "{FBDD8262-8E4E-422F-9407-A2DFF821152F}"
EndProject
Global
	GlobalSection(SolutionConfigurationPlatforms) = preSolution
		Debug|Any CPU = Debug|Any CPU
		Release|Any CPU = Release|Any CPU
	EndGlobalSection
	GlobalSection(ProjectConfigurationPlatforms) = postSolution
		{FBDD8262-8E4E-422F-9407-A2DFF821152F}.Debug|Any CPU.ActiveCfg = Debug|Any CPU
		{FBDD8262-8E4E-422F-9407-A2DFF821152F}.Debug|Any CPU.Build.0 = Debug|Any CPU
		{FBDD8262-8E4E-422F-9407-A2DFF821152F}.Release|Any CPU.ActiveCfg = Release|Any CPU
		{FBDD8262-8E4E-422F-9407-A2DFF821152F}.Release|Any CPU.Build.0 = Release|Any CPU
	EndGlobalSection
	GlobalSection(SolutionProperties) = preSolution
		HideSolutionNode = FALSE
	EndGlobalSection
	GlobalSection(ExtensibilityGlobals) = postSolution
		SolutionGuid = {3FDFD39D-B1D9-4D43-9201-B81A38E53C24}
	EndGlobalSection
EndGlobal
